Microsoft Visual Studio Solution File, Format Version 12.00
# Visual Studio 2012
Project("{FAE04EC0-301F-11D3-BF4B-00C04F79EFBC}") = "grimore-3d-dotnet", "grimore-3d-dotnet.csproj", "{EE543EB9-5333-4070-BCEF-BC2FC576D780}"
EndProject
Global
	GlobalSection(SolutionConfigurationPlatforms) = preSolution
	Debug|Any CPU = Debug|Any CPU
	ExportDebug|Any CPU = ExportDebug|Any CPU
	ExportRelease|Any CPU = ExportRelease|Any CPU
	EndGlobalSection
	GlobalSection(ProjectConfigurationPlatforms) = postSolution
		{EE543EB9-5333-4070-BCEF-BC2FC576D780}.Debug|Any CPU.ActiveCfg = Debug|Any CPU
		{EE543EB9-5333-4070-BCEF-BC2FC576D780}.Debug|Any CPU.Build.0 = Debug|Any CPU
		{EE543EB9-5333-4070-BCEF-BC2FC576D780}.ExportDebug|Any CPU.ActiveCfg = ExportDebug|Any CPU
		{EE543EB9-5333-4070-BCEF-BC2FC576D780}.ExportDebug|Any CPU.Build.0 = ExportDebug|Any CPU
		{EE543EB9-5333-4070-BCEF-BC2FC576D780}.ExportRelease|Any CPU.ActiveCfg = ExportRelease|Any CPU
		{EE543EB9-5333-4070-BCEF-BC2FC576D780}.ExportRelease|Any CPU.Build.0 = ExportRelease|Any CPU
	EndGlobalSection
EndGlobal
